
Microsoft Visual Studio Solution File, Format Version 12.00
# Visual Studio 15
VisualStudioVersion = 15.0.27428.2037
MinimumVisualStudioVersion = 10.0.40219.1
Project("{FAE04EC0-301F-11D3-BF4B-00C04F79EFBC}") = "CertificatesTool", "CertificatesTool\CertificatesTool.csproj", "{411260A5-6A68-4844-A002-8099076D0533}"
EndProject
Global
	GlobalSection(SolutionConfigurationPlatforms) = preSolution
		Debug|Any CPU = Debug|Any CPU
		Release|Any CPU = Release|Any CPU
	EndGlobalSection
	GlobalSection(ProjectConfigurationPlatforms) = postSolution
		{411260A5-6A68-4844-A002-8099076D0533}.Debug|Any CPU.ActiveCfg = Debug|Any CPU
		{411260A5-6A68-4844-A002-8099076D0533}.Debug|Any CPU.Build.0 = Debug|Any CPU
		{411260A5-6A68-4844-A002-8099076D0533}.Release|Any CPU.ActiveCfg = Release|Any CPU
		{411260A5-6A68-4844-A002-8099076D0533}.Release|Any CPU.Build.0 = Release|Any CPU
	EndGlobalSection
	GlobalSection(SolutionProperties) = preSolution
		HideSolutionNode = FALSE
	EndGlobalSection
	GlobalSection(ExtensibilityGlobals) = postSolution
		SolutionGuid = {A43F190A-76F6-4C52-BC02-6594A9AE3C96}
	EndGlobalSection
EndGlobal
